
Microsoft Visual Studio Solution File, Format Version 12.00
# Visual Studio 14
VisualStudioVersion = 14.0.24720.0
MinimumVisualStudioVersion = 10.0.40219.1
Project("{FAE04EC0-301F-11D3-BF4B-00C04F79EFBC}") = "KsWare.Presentation.WeakEventsTestApp", "..\KsWare.Presentation.WeakEventsTestApp\KsWare.Presentation.WeakEventsTestApp.csproj", "{120B455C-7E65-474F-AA2E-3682C749B832}"
EndProject
Project("{2150E333-8FDC-42A3-9474-1A3956D46DE8}") = "Tests", "Tests", "{5DE1F59B-26E6-4C82-AA54-E27781BF0088}"
EndProject
Project("{2150E333-8FDC-42A3-9474-1A3956D46DE8}") = "Docu", "Docu", "{C9980D44-9BB9-40E9-9B95-16B0B0C50313}"
EndProject
Project("{FAE04EC0-301F-11D3-BF4B-00C04F79EFBC}") = "KsWare.Presentation.Testing", "..\KsWare.Presentation.Testing\KsWare.Presentation.Testing.csproj", "{48BD0342-2458-44F5-A3BB-1405A56EFAF4}"
EndProject
Project("{2150E333-8FDC-42A3-9474-1A3956D46DE8}") = "Libraries", "Libraries", "{F7A61450-8E62-44BF-9E51-148495AF00A9}"
EndProject
Project("{2150E333-8FDC-42A3-9474-1A3956D46DE8}") = "Solution Items", "Solution Items", "{4755CA29-0BFE-4C40-A9FD-74E091F3AFCD}"
	ProjectSection(SolutionItems) = preProject
		..\nuget\create nuget packet.cmd = ..\nuget\create nuget packet.cmd
		..\README.md = ..\README.md
	EndProjectSection
EndProject
Project("{FAE04EC0-301F-11D3-BF4B-00C04F79EFBC}") = "KsWare.Presentation.Tests.Runner", "..\KsWare.Presentation.Tests.Runner\KsWare.Presentation.Tests.Runner.csproj", "{32B05328-CC4D-4909-89AA-72DB78FAC651}"
EndProject
Project("{FAE04EC0-301F-11D3-BF4B-00C04F79EFBC}") = "KsWare.Presentation.Tests", "..\KsWare.Presentation.Tests\KsWare.Presentation.Tests.csproj", "{1E3A05FD-0F03-4B1A-AB41-53AA2018D940}"
EndProject
Project("{FAE04EC0-301F-11D3-BF4B-00C04F79EFBC}") = "KsWare.Presentation.Testing.Tests", "..\KsWare.Presentation.Testing.Tests\KsWare.Presentation.Testing.Tests.csproj", "{BB62C449-8E39-49BE-BDB2-E170139DDE38}"
EndProject
Project("{FAE04EC0-301F-11D3-BF4B-00C04F79EFBC}") = "KsWare.Presentation.BusyManager.TestApp", "..\KsWare.Presentation.BusyManager.Tests\KsWare.Presentation.BusyManager.TestApp.csproj", "{86FCB3CA-E03C-42D1-9B95-714C45604A2F}"
EndProject
Project("{FAE04EC0-301F-11D3-BF4B-00C04F79EFBC}") = "KsWare.Presentation.UITestApp", "..\KsWare.Presentation.UITestApp\KsWare.Presentation.UITestApp.csproj", "{F47E6A54-5EFB-47E1-A68D-18C73C79BC06}"
EndProject
Project("{FAE04EC0-301F-11D3-BF4B-00C04F79EFBC}") = "KsWare.Presentation.ViewFramework", "..\KsWare.Presentation.ViewFramework\KsWare.Presentation.ViewFramework.csproj", "{480179C9-C018-4515-8B83-44E21112887D}"
EndProject
Project("{FAE04EC0-301F-11D3-BF4B-00C04F79EFBC}") = "KsWare.Presentation.ViewModelFramework", "..\KsWare.Presentation.ViewModelFramework\KsWare.Presentation.ViewModelFramework.csproj", "{E45E9672-0236-47FC-9ADE-5FEF5CDFC7AE}"
EndProject
Project("{FAE04EC0-301F-11D3-BF4B-00C04F79EFBC}") = "KsWare.Presentation.BusinessFramework", "..\KsWare.Presentation.BusinessFramework\KsWare.Presentation.BusinessFramework.csproj", "{816F4A41-A808-460E-8E5A-D048934B6A5D}"
EndProject
Project("{FAE04EC0-301F-11D3-BF4B-00C04F79EFBC}") = "KsWare.Presentation.Core", "..\KsWare.Presentation.Core\KsWare.Presentation.Core.csproj", "{4341F602-848B-42FC-AD38-E86F0820E3F4}"
EndProject
Global
	GlobalSection(SolutionConfigurationPlatforms) = preSolution
		Debug_40|Any CPU = Debug_40|Any CPU
		Debug|Any CPU = Debug|Any CPU
		Release_40|Any CPU = Release_40|Any CPU
		Release|Any CPU = Release|Any CPU
	EndGlobalSection
	GlobalSection(ProjectConfigurationPlatforms) = postSolution
		{120B455C-7E65-474F-AA2E-3682C749B832}.Debug_40|Any CPU.ActiveCfg = Debug|Any CPU
		{120B455C-7E65-474F-AA2E-3682C749B832}.Debug|Any CPU.ActiveCfg = Debug|Any CPU
		{120B455C-7E65-474F-AA2E-3682C749B832}.Debug|Any CPU.Build.0 = Debug|Any CPU
		{120B455C-7E65-474F-AA2E-3682C749B832}.Release_40|Any CPU.ActiveCfg = Release|Any CPU
		{120B455C-7E65-474F-AA2E-3682C749B832}.Release|Any CPU.ActiveCfg = Release|Any CPU
		{120B455C-7E65-474F-AA2E-3682C749B832}.Release|Any CPU.Build.0 = Release|Any CPU
		{48BD0342-2458-44F5-A3BB-1405A56EFAF4}.Debug_40|Any CPU.ActiveCfg = Debug|Any CPU
		{48BD0342-2458-44F5-A3BB-1405A56EFAF4}.Debug|Any CPU.ActiveCfg = Debug|Any CPU
		{48BD0342-2458-44F5-A3BB-1405A56EFAF4}.Debug|Any CPU.Build.0 = Debug|Any CPU
		{48BD0342-2458-44F5-A3BB-1405A56EFAF4}.Release_40|Any CPU.ActiveCfg = Release|Any CPU
		{48BD0342-2458-44F5-A3BB-1405A56EFAF4}.Release|Any CPU.ActiveCfg = Release|Any CPU
		{48BD0342-2458-44F5-A3BB-1405A56EFAF4}.Release|Any CPU.Build.0 = Release|Any CPU
		{32B05328-CC4D-4909-89AA-72DB78FAC651}.Debug_40|Any CPU.ActiveCfg = Debug|Any CPU
		{32B05328-CC4D-4909-89AA-72DB78FAC651}.Debug|Any CPU.ActiveCfg = Debug|Any CPU
		{32B05328-CC4D-4909-89AA-72DB78FAC651}.Debug|Any CPU.Build.0 = Debug|Any CPU
		{32B05328-CC4D-4909-89AA-72DB78FAC651}.Release_40|Any CPU.ActiveCfg = Release|Any CPU
		{32B05328-CC4D-4909-89AA-72DB78FAC651}.Release|Any CPU.ActiveCfg = Release|Any CPU
		{32B05328-CC4D-4909-89AA-72DB78FAC651}.Release|Any CPU.Build.0 = Release|Any CPU
		{1E3A05FD-0F03-4B1A-AB41-53AA2018D940}.Debug_40|Any CPU.ActiveCfg = Debug|Any CPU
		{1E3A05FD-0F03-4B1A-AB41-53AA2018D940}.Debug|Any CPU.ActiveCfg = Debug|Any CPU
		{1E3A05FD-0F03-4B1A-AB41-53AA2018D940}.Debug|Any CPU.Build.0 = Debug|Any CPU
		{1E3A05FD-0F03-4B1A-AB41-53AA2018D940}.Release_40|Any CPU.ActiveCfg = Release|Any CPU
		{1E3A05FD-0F03-4B1A-AB41-53AA2018D940}.Release|Any CPU.ActiveCfg = Release|Any CPU
		{1E3A05FD-0F03-4B1A-AB41-53AA2018D940}.Release|Any CPU.Build.0 = Release|Any CPU
		{BB62C449-8E39-49BE-BDB2-E170139DDE38}.Debug_40|Any CPU.ActiveCfg = Debug|Any CPU
		{BB62C449-8E39-49BE-BDB2-E170139DDE38}.Debug|Any CPU.ActiveCfg = Debug|Any CPU
		{BB62C449-8E39-49BE-BDB2-E170139DDE38}.Debug|Any CPU.Build.0 = Debug|Any CPU
		{BB62C449-8E39-49BE-BDB2-E170139DDE38}.Release_40|Any CPU.ActiveCfg = Release|Any CPU
		{BB62C449-8E39-49BE-BDB2-E170139DDE38}.Release|Any CPU.ActiveCfg = Release|Any CPU
		{BB62C449-8E39-49BE-BDB2-E170139DDE38}.Release|Any CPU.Build.0 = Release|Any CPU
		{86FCB3CA-E03C-42D1-9B95-714C45604A2F}.Debug_40|Any CPU.ActiveCfg = Debug|Any CPU
		{86FCB3CA-E03C-42D1-9B95-714C45604A2F}.Debug|Any CPU.ActiveCfg = Debug|Any CPU
		{86FCB3CA-E03C-42D1-9B95-714C45604A2F}.Debug|Any CPU.Build.0 = Debug|Any CPU
		{86FCB3CA-E03C-42D1-9B95-714C45604A2F}.Release_40|Any CPU.ActiveCfg = Release|Any CPU
		{86FCB3CA-E03C-42D1-9B95-714C45604A2F}.Release|Any CPU.ActiveCfg = Release|Any CPU
		{86FCB3CA-E03C-42D1-9B95-714C45604A2F}.Release|Any CPU.Build.0 = Release|Any CPU
		{F47E6A54-5EFB-47E1-A68D-18C73C79BC06}.Debug_40|Any CPU.ActiveCfg = Debug|Any CPU
		{F47E6A54-5EFB-47E1-A68D-18C73C79BC06}.Debug|Any CPU.ActiveCfg = Debug|Any CPU
		{F47E6A54-5EFB-47E1-A68D-18C73C79BC06}.Debug|Any CPU.Build.0 = Debug|Any CPU
		{F47E6A54-5EFB-47E1-A68D-18C73C79BC06}.Release_40|Any CPU.ActiveCfg = Release|Any CPU
		{F47E6A54-5EFB-47E1-A68D-18C73C79BC06}.Release|Any CPU.ActiveCfg = Release|Any CPU
		{F47E6A54-5EFB-47E1-A68D-18C73C79BC06}.Release|Any CPU.Build.0 = Release|Any CPU
		{480179C9-C018-4515-8B83-44E21112887D}.Debug_40|Any CPU.ActiveCfg = Debug|Any CPU
		{480179C9-C018-4515-8B83-44E21112887D}.Debug_40|Any CPU.Build.0 = Debug|Any CPU
		{480179C9-C018-4515-8B83-44E21112887D}.Debug|Any CPU.ActiveCfg = Debug|Any CPU
		{480179C9-C018-4515-8B83-44E21112887D}.Debug|Any CPU.Build.0 = Debug|Any CPU
		{480179C9-C018-4515-8B83-44E21112887D}.Release_40|Any CPU.ActiveCfg = Release|Any CPU
		{480179C9-C018-4515-8B83-44E21112887D}.Release_40|Any CPU.Build.0 = Release|Any CPU
		{480179C9-C018-4515-8B83-44E21112887D}.Release|Any CPU.ActiveCfg = Release|Any CPU
		{480179C9-C018-4515-8B83-44E21112887D}.Release|Any CPU.Build.0 = Release|Any CPU
		{E45E9672-0236-47FC-9ADE-5FEF5CDFC7AE}.Debug_40|Any CPU.ActiveCfg = Debug|Any CPU
		{E45E9672-0236-47FC-9ADE-5FEF5CDFC7AE}.Debug_40|Any CPU.Build.0 = Debug|Any CPU
		{E45E9672-0236-47FC-9ADE-5FEF5CDFC7AE}.Debug|Any CPU.ActiveCfg = Debug|Any CPU
		{E45E9672-0236-47FC-9ADE-5FEF5CDFC7AE}.Debug|Any CPU.Build.0 = Debug|Any CPU
		{E45E9672-0236-47FC-9ADE-5FEF5CDFC7AE}.Release_40|Any CPU.ActiveCfg = Release|Any CPU
		{E45E9672-0236-47FC-9ADE-5FEF5CDFC7AE}.Release_40|Any CPU.Build.0 = Release|Any CPU
		{E45E9672-0236-47FC-9ADE-5FEF5CDFC7AE}.Release|Any CPU.ActiveCfg = Release|Any CPU
		{E45E9672-0236-47FC-9ADE-5FEF5CDFC7AE}.Release|Any CPU.Build.0 = Release|Any CPU
		{816F4A41-A808-460E-8E5A-D048934B6A5D}.Debug_40|Any CPU.ActiveCfg = Debug|Any CPU
		{816F4A41-A808-460E-8E5A-D048934B6A5D}.Debug_40|Any CPU.Build.0 = Debug|Any CPU
		{816F4A41-A808-460E-8E5A-D048934B6A5D}.Debug|Any CPU.ActiveCfg = Debug|Any CPU
		{816F4A41-A808-460E-8E5A-D048934B6A5D}.Debug|Any CPU.Build.0 = Debug|Any CPU
		{816F4A41-A808-460E-8E5A-D048934B6A5D}.Release_40|Any CPU.ActiveCfg = Release|Any CPU
		{816F4A41-A808-460E-8E5A-D048934B6A5D}.Release_40|Any CPU.Build.0 = Release|Any CPU
		{816F4A41-A808-460E-8E5A-D048934B6A5D}.Release|Any CPU.ActiveCfg = Release|Any CPU
		{816F4A41-A808-460E-8E5A-D048934B6A5D}.Release|Any CPU.Build.0 = Release|Any CPU
		{4341F602-848B-42FC-AD38-E86F0820E3F4}.Debug_40|Any CPU.ActiveCfg = Debug_40|Any CPU
		{4341F602-848B-42FC-AD38-E86F0820E3F4}.Debug_40|Any CPU.Build.0 = Debug_40|Any CPU
		{4341F602-848B-42FC-AD38-E86F0820E3F4}.Debug|Any CPU.ActiveCfg = Debug|Any CPU
		{4341F602-848B-42FC-AD38-E86F0820E3F4}.Debug|Any CPU.Build.0 = Debug|Any CPU
		{4341F602-848B-42FC-AD38-E86F0820E3F4}.Release_40|Any CPU.ActiveCfg = Release_40|Any CPU
		{4341F602-848B-42FC-AD38-E86F0820E3F4}.Release_40|Any CPU.Build.0 = Release_40|Any CPU
		{4341F602-848B-42FC-AD38-E86F0820E3F4}.Release|Any CPU.ActiveCfg = Release|Any CPU
		{4341F602-848B-42FC-AD38-E86F0820E3F4}.Release|Any CPU.Build.0 = Release|Any CPU
	EndGlobalSection
	GlobalSection(SolutionProperties) = preSolution
		HideSolutionNode = FALSE
	EndGlobalSection
	GlobalSection(NestedProjects) = preSolution
		{120B455C-7E65-474F-AA2E-3682C749B832} = {5DE1F59B-26E6-4C82-AA54-E27781BF0088}
		{48BD0342-2458-44F5-A3BB-1405A56EFAF4} = {F7A61450-8E62-44BF-9E51-148495AF00A9}
		{32B05328-CC4D-4909-89AA-72DB78FAC651} = {5DE1F59B-26E6-4C82-AA54-E27781BF0088}
		{1E3A05FD-0F03-4B1A-AB41-53AA2018D940} = {5DE1F59B-26E6-4C82-AA54-E27781BF0088}
		{BB62C449-8E39-49BE-BDB2-E170139DDE38} = {5DE1F59B-26E6-4C82-AA54-E27781BF0088}
		{86FCB3CA-E03C-42D1-9B95-714C45604A2F} = {5DE1F59B-26E6-4C82-AA54-E27781BF0088}
		{F47E6A54-5EFB-47E1-A68D-18C73C79BC06} = {5DE1F59B-26E6-4C82-AA54-E27781BF0088}
	EndGlobalSection
EndGlobal
