
Microsoft Visual Studio Solution File, Format Version 12.00
# Visual Studio 2013
VisualStudioVersion = 12.0.30501.0
MinimumVisualStudioVersion = 10.0.40219.1
Project("{FAE04EC0-301F-11D3-BF4B-00C04F79EFBC}") = "KsWare.Presentation.Tests", "KsWare.Presentation.Tests.csproj", "{1E3A05FD-0F03-4B1A-AB41-53AA2018D940}"
EndProject
Project("{FAE04EC0-301F-11D3-BF4B-00C04F79EFBC}") = "KsWare.Presentation", "..\KsWare.Presentation\KsWare.Presentation.csproj", "{193C2DD2-C3E6-4188-8691-F9DE9BD38894}"
EndProject
Project("{FAE04EC0-301F-11D3-BF4B-00C04F79EFBC}") = "KsWare.JsonFx", "..\KsWare.JsonFx\KsWare.JsonFx.csproj", "{94C92C05-0489-4764-BB29-F8C477AEB797}"
EndProject
Project("{FAE04EC0-301F-11D3-BF4B-00C04F79EFBC}") = "KsWare.UnitTesting", "..\KsWare.UnitTesting\KsWare.UnitTesting.csproj", "{9AC47DA6-9DCB-4FE2-A63B-6EEEC3F4E3B1}"
EndProject
Project("{FAE04EC0-301F-11D3-BF4B-00C04F79EFBC}") = "KsWare.Presentation.WeakEventsTestApp", "..\KsWare.Presentation.WeakEventsTestApp\KsWare.Presentation.WeakEventsTestApp.csproj", "{120B455C-7E65-474F-AA2E-3682C749B832}"
EndProject
Global
	GlobalSection(SolutionConfigurationPlatforms) = preSolution
		Debug|Any CPU = Debug|Any CPU
		Release|Any CPU = Release|Any CPU
	EndGlobalSection
	GlobalSection(ProjectConfigurationPlatforms) = postSolution
		{1E3A05FD-0F03-4B1A-AB41-53AA2018D940}.Debug|Any CPU.ActiveCfg = Debug|Any CPU
		{1E3A05FD-0F03-4B1A-AB41-53AA2018D940}.Debug|Any CPU.Build.0 = Debug|Any CPU
		{1E3A05FD-0F03-4B1A-AB41-53AA2018D940}.Release|Any CPU.ActiveCfg = Release|Any CPU
		{1E3A05FD-0F03-4B1A-AB41-53AA2018D940}.Release|Any CPU.Build.0 = Release|Any CPU
		{193C2DD2-C3E6-4188-8691-F9DE9BD38894}.Debug|Any CPU.ActiveCfg = Debug|Any CPU
		{193C2DD2-C3E6-4188-8691-F9DE9BD38894}.Debug|Any CPU.Build.0 = Debug|Any CPU
		{193C2DD2-C3E6-4188-8691-F9DE9BD38894}.Release|Any CPU.ActiveCfg = Release|Any CPU
		{193C2DD2-C3E6-4188-8691-F9DE9BD38894}.Release|Any CPU.Build.0 = Release|Any CPU
		{94C92C05-0489-4764-BB29-F8C477AEB797}.Debug|Any CPU.ActiveCfg = Debug|Any CPU
		{94C92C05-0489-4764-BB29-F8C477AEB797}.Debug|Any CPU.Build.0 = Debug|Any CPU
		{94C92C05-0489-4764-BB29-F8C477AEB797}.Release|Any CPU.ActiveCfg = Release|Any CPU
		{94C92C05-0489-4764-BB29-F8C477AEB797}.Release|Any CPU.Build.0 = Release|Any CPU
		{9AC47DA6-9DCB-4FE2-A63B-6EEEC3F4E3B1}.Debug|Any CPU.ActiveCfg = Debug|Any CPU
		{9AC47DA6-9DCB-4FE2-A63B-6EEEC3F4E3B1}.Debug|Any CPU.Build.0 = Debug|Any CPU
		{9AC47DA6-9DCB-4FE2-A63B-6EEEC3F4E3B1}.Release|Any CPU.ActiveCfg = Release|Any CPU
		{9AC47DA6-9DCB-4FE2-A63B-6EEEC3F4E3B1}.Release|Any CPU.Build.0 = Release|Any CPU
		{120B455C-7E65-474F-AA2E-3682C749B832}.Debug|Any CPU.ActiveCfg = Debug|Any CPU
		{120B455C-7E65-474F-AA2E-3682C749B832}.Debug|Any CPU.Build.0 = Debug|Any CPU
		{120B455C-7E65-474F-AA2E-3682C749B832}.Release|Any CPU.ActiveCfg = Release|Any CPU
		{120B455C-7E65-474F-AA2E-3682C749B832}.Release|Any CPU.Build.0 = Release|Any CPU
	EndGlobalSection
	GlobalSection(SolutionProperties) = preSolution
		HideSolutionNode = FALSE
	EndGlobalSection
	GlobalSection(Performance) = preSolution
		HasPerformanceSessions = true
	EndGlobalSection
EndGlobal
