
Microsoft Visual Studio Solution File, Format Version 12.00
# Visual Studio 15
VisualStudioVersion = 15.0.27428.2005
MinimumVisualStudioVersion = 10.0.40219.1
Project("{FAE04EC0-301F-11D3-BF4B-00C04F79EFBC}") = "KsWare.Presentation.WeakEventsTestApp", "KsWare.Presentation.WeakEventsTestApp\KsWare.Presentation.WeakEventsTestApp.csproj", "{120B455C-7E65-474F-AA2E-3682C749B832}"
EndProject
Project("{2150E333-8FDC-42A3-9474-1A3956D46DE8}") = "Tests", "Tests", "{5DE1F59B-26E6-4C82-AA54-E27781BF0088}"
EndProject
Project("{2150E333-8FDC-42A3-9474-1A3956D46DE8}") = "Docu", "Docu", "{C9980D44-9BB9-40E9-9B95-16B0B0C50313}"
EndProject
Project("{FAE04EC0-301F-11D3-BF4B-00C04F79EFBC}") = "KsWare.Presentation.Testing", "KsWare.Presentation.Testing\KsWare.Presentation.Testing.csproj", "{48BD0342-2458-44F5-A3BB-1405A56EFAF4}"
EndProject
Project("{2150E333-8FDC-42A3-9474-1A3956D46DE8}") = "Libraries", "Libraries", "{F7A61450-8E62-44BF-9E51-148495AF00A9}"
EndProject
Project("{2150E333-8FDC-42A3-9474-1A3956D46DE8}") = "Solution Items", "Solution Items", "{4755CA29-0BFE-4C40-A9FD-74E091F3AFCD}"
	ProjectSection(SolutionItems) = preProject
		..\ChangeLog.md = ..\ChangeLog.md
		KsWare.Presentation.Solution\compatibility.txt = KsWare.Presentation.Solution\compatibility.txt
		nuget\create nuget packet.cmd = nuget\create nuget packet.cmd
		KsWare.Presentation.Solution\History.txt = KsWare.Presentation.Solution\History.txt
		KsWare.Presentation.Solution\packages.txt = KsWare.Presentation.Solution\packages.txt
		README.md = README.md
	EndProjectSection
EndProject
Project("{FAE04EC0-301F-11D3-BF4B-00C04F79EFBC}") = "KsWare.Presentation.Tests.Runner", "KsWare.Presentation.Tests.Runner\KsWare.Presentation.Tests.Runner.csproj", "{32B05328-CC4D-4909-89AA-72DB78FAC651}"
EndProject
Project("{FAE04EC0-301F-11D3-BF4B-00C04F79EFBC}") = "KsWare.Presentation.Tests", "KsWare.Presentation.Tests\KsWare.Presentation.Tests.csproj", "{1E3A05FD-0F03-4B1A-AB41-53AA2018D940}"
EndProject
Project("{FAE04EC0-301F-11D3-BF4B-00C04F79EFBC}") = "KsWare.Presentation.Testing.Tests", "KsWare.Presentation.Testing.Tests\KsWare.Presentation.Testing.Tests.csproj", "{BB62C449-8E39-49BE-BDB2-E170139DDE38}"
EndProject
Project("{FAE04EC0-301F-11D3-BF4B-00C04F79EFBC}") = "KsWare.Presentation.BusyManager.TestApp", "KsWare.Presentation.BusyManager.Tests\KsWare.Presentation.BusyManager.TestApp.csproj", "{86FCB3CA-E03C-42D1-9B95-714C45604A2F}"
EndProject
Project("{FAE04EC0-301F-11D3-BF4B-00C04F79EFBC}") = "KsWare.Presentation.UITestApp", "KsWare.Presentation.UITestApp\KsWare.Presentation.UITestApp.csproj", "{F47E6A54-5EFB-47E1-A68D-18C73C79BC06}"
EndProject
Project("{FAE04EC0-301F-11D3-BF4B-00C04F79EFBC}") = "KsWare.Presentation.ViewFramework", "KsWare.Presentation.ViewFramework\KsWare.Presentation.ViewFramework.csproj", "{480179C9-C018-4515-8B83-44E21112887D}"
EndProject
Project("{FAE04EC0-301F-11D3-BF4B-00C04F79EFBC}") = "KsWare.Presentation.ViewModelFramework", "KsWare.Presentation.ViewModelFramework\KsWare.Presentation.ViewModelFramework.csproj", "{E45E9672-0236-47FC-9ADE-5FEF5CDFC7AE}"
EndProject
Project("{FAE04EC0-301F-11D3-BF4B-00C04F79EFBC}") = "KsWare.Presentation.BusinessFramework", "KsWare.Presentation.BusinessFramework\KsWare.Presentation.BusinessFramework.csproj", "{816F4A41-A808-460E-8E5A-D048934B6A5D}"
EndProject
Project("{FAE04EC0-301F-11D3-BF4B-00C04F79EFBC}") = "KsWare.Presentation.Core", "KsWare.Presentation.Core\KsWare.Presentation.Core.csproj", "{4341F602-848B-42FC-AD38-E86F0820E3F4}"
EndProject
Project("{FAE04EC0-301F-11D3-BF4B-00C04F79EFBC}") = "KsWare.Presentation.Labs", "KsWare.Presentation.Labs\KsWare.Presentation.Labs.csproj", "{B2428431-AD89-4221-8B7C-4109AFA93690}"
EndProject
Project("{FAE04EC0-301F-11D3-BF4B-00C04F79EFBC}") = "KsWare.Presentation.Core.Tests", "KsWare.Presentation.Core.Tests\KsWare.Presentation.Core.Tests.csproj", "{77E7E6B3-BF08-4E83-9BFB-86D221DD54AB}"
EndProject
Project("{FAE04EC0-301F-11D3-BF4B-00C04F79EFBC}") = "KsWare.Presentation.BusinessFramework.Tests", "KsWare.Presentation.BusinessFramework.Tests\KsWare.Presentation.BusinessFramework.Tests.csproj", "{15E6BFDC-3D8B-46C2-BB11-5E181EE81920}"
EndProject
Project("{FAE04EC0-301F-11D3-BF4B-00C04F79EFBC}") = "KsWare.Presentation.ViewFramework.Tests", "KsWare.Presentation.ViewFramework.Tests\KsWare.Presentation.ViewFramework.Tests.csproj", "{35CDE7F2-ECBB-469E-8A4B-9027E626554E}"
EndProject
Project("{FAE04EC0-301F-11D3-BF4B-00C04F79EFBC}") = "KsWare.Presentation.ViewModelFramework.Tests", "KsWare.Presentation.ViewModelFramework.Tests\KsWare.Presentation.ViewModelFramework.Tests.csproj", "{B677786A-A99D-48E5-B247-E0CA3D4B8E88}"
EndProject
Project("{FAE04EC0-301F-11D3-BF4B-00C04F79EFBC}") = "KsWare.Presentation.Labs.Tests", "KsWare.Presentation.Labs.Tests\KsWare.Presentation.Labs.Tests.csproj", "{F5A1384A-B2A5-49B7-B757-1F3D8F233BC3}"
EndProject
Project("{FAE04EC0-301F-11D3-BF4B-00C04F79EFBC}") = "KsWare.Presentation", "KsWare.Presentation\KsWare.Presentation.csproj", "{133D2383-2F68-41E4-97F5-F822D1280382}"
EndProject
Global
	GlobalSection(SolutionConfigurationPlatforms) = preSolution
		Debug|Any CPU = Debug|Any CPU
		Release|Any CPU = Release|Any CPU
	EndGlobalSection
	GlobalSection(ProjectConfigurationPlatforms) = postSolution
		{120B455C-7E65-474F-AA2E-3682C749B832}.Debug|Any CPU.ActiveCfg = Debug|Any CPU
		{120B455C-7E65-474F-AA2E-3682C749B832}.Debug|Any CPU.Build.0 = Debug|Any CPU
		{120B455C-7E65-474F-AA2E-3682C749B832}.Release|Any CPU.ActiveCfg = Release|Any CPU
		{120B455C-7E65-474F-AA2E-3682C749B832}.Release|Any CPU.Build.0 = Release|Any CPU
		{48BD0342-2458-44F5-A3BB-1405A56EFAF4}.Debug|Any CPU.ActiveCfg = Debug|Any CPU
		{48BD0342-2458-44F5-A3BB-1405A56EFAF4}.Debug|Any CPU.Build.0 = Debug|Any CPU
		{48BD0342-2458-44F5-A3BB-1405A56EFAF4}.Release|Any CPU.ActiveCfg = Release|Any CPU
		{48BD0342-2458-44F5-A3BB-1405A56EFAF4}.Release|Any CPU.Build.0 = Release|Any CPU
		{32B05328-CC4D-4909-89AA-72DB78FAC651}.Debug|Any CPU.ActiveCfg = Debug|Any CPU
		{32B05328-CC4D-4909-89AA-72DB78FAC651}.Debug|Any CPU.Build.0 = Debug|Any CPU
		{32B05328-CC4D-4909-89AA-72DB78FAC651}.Release|Any CPU.ActiveCfg = Release|Any CPU
		{32B05328-CC4D-4909-89AA-72DB78FAC651}.Release|Any CPU.Build.0 = Release|Any CPU
		{1E3A05FD-0F03-4B1A-AB41-53AA2018D940}.Debug|Any CPU.ActiveCfg = Debug|Any CPU
		{1E3A05FD-0F03-4B1A-AB41-53AA2018D940}.Debug|Any CPU.Build.0 = Debug|Any CPU
		{1E3A05FD-0F03-4B1A-AB41-53AA2018D940}.Release|Any CPU.ActiveCfg = Release|Any CPU
		{1E3A05FD-0F03-4B1A-AB41-53AA2018D940}.Release|Any CPU.Build.0 = Release|Any CPU
		{BB62C449-8E39-49BE-BDB2-E170139DDE38}.Debug|Any CPU.ActiveCfg = Debug|Any CPU
		{BB62C449-8E39-49BE-BDB2-E170139DDE38}.Debug|Any CPU.Build.0 = Debug|Any CPU
		{BB62C449-8E39-49BE-BDB2-E170139DDE38}.Release|Any CPU.ActiveCfg = Release|Any CPU
		{BB62C449-8E39-49BE-BDB2-E170139DDE38}.Release|Any CPU.Build.0 = Release|Any CPU
		{86FCB3CA-E03C-42D1-9B95-714C45604A2F}.Debug|Any CPU.ActiveCfg = Debug|Any CPU
		{86FCB3CA-E03C-42D1-9B95-714C45604A2F}.Debug|Any CPU.Build.0 = Debug|Any CPU
		{86FCB3CA-E03C-42D1-9B95-714C45604A2F}.Release|Any CPU.ActiveCfg = Release|Any CPU
		{86FCB3CA-E03C-42D1-9B95-714C45604A2F}.Release|Any CPU.Build.0 = Release|Any CPU
		{F47E6A54-5EFB-47E1-A68D-18C73C79BC06}.Debug|Any CPU.ActiveCfg = Debug|Any CPU
		{F47E6A54-5EFB-47E1-A68D-18C73C79BC06}.Debug|Any CPU.Build.0 = Debug|Any CPU
		{F47E6A54-5EFB-47E1-A68D-18C73C79BC06}.Release|Any CPU.ActiveCfg = Release|Any CPU
		{F47E6A54-5EFB-47E1-A68D-18C73C79BC06}.Release|Any CPU.Build.0 = Release|Any CPU
		{480179C9-C018-4515-8B83-44E21112887D}.Debug|Any CPU.ActiveCfg = Debug|Any CPU
		{480179C9-C018-4515-8B83-44E21112887D}.Debug|Any CPU.Build.0 = Debug|Any CPU
		{480179C9-C018-4515-8B83-44E21112887D}.Release|Any CPU.ActiveCfg = Release|Any CPU
		{480179C9-C018-4515-8B83-44E21112887D}.Release|Any CPU.Build.0 = Release|Any CPU
		{E45E9672-0236-47FC-9ADE-5FEF5CDFC7AE}.Debug|Any CPU.ActiveCfg = Debug|Any CPU
		{E45E9672-0236-47FC-9ADE-5FEF5CDFC7AE}.Debug|Any CPU.Build.0 = Debug|Any CPU
		{E45E9672-0236-47FC-9ADE-5FEF5CDFC7AE}.Release|Any CPU.ActiveCfg = Release|Any CPU
		{E45E9672-0236-47FC-9ADE-5FEF5CDFC7AE}.Release|Any CPU.Build.0 = Release|Any CPU
		{816F4A41-A808-460E-8E5A-D048934B6A5D}.Debug|Any CPU.ActiveCfg = Debug|Any CPU
		{816F4A41-A808-460E-8E5A-D048934B6A5D}.Debug|Any CPU.Build.0 = Debug|Any CPU
		{816F4A41-A808-460E-8E5A-D048934B6A5D}.Release|Any CPU.ActiveCfg = Release|Any CPU
		{816F4A41-A808-460E-8E5A-D048934B6A5D}.Release|Any CPU.Build.0 = Release|Any CPU
		{4341F602-848B-42FC-AD38-E86F0820E3F4}.Debug|Any CPU.ActiveCfg = Debug|Any CPU
		{4341F602-848B-42FC-AD38-E86F0820E3F4}.Debug|Any CPU.Build.0 = Debug|Any CPU
		{4341F602-848B-42FC-AD38-E86F0820E3F4}.Release|Any CPU.ActiveCfg = Release|Any CPU
		{4341F602-848B-42FC-AD38-E86F0820E3F4}.Release|Any CPU.Build.0 = Release|Any CPU
		{B2428431-AD89-4221-8B7C-4109AFA93690}.Debug|Any CPU.ActiveCfg = Debug|Any CPU
		{B2428431-AD89-4221-8B7C-4109AFA93690}.Debug|Any CPU.Build.0 = Debug|Any CPU
		{B2428431-AD89-4221-8B7C-4109AFA93690}.Release|Any CPU.ActiveCfg = Release|Any CPU
		{B2428431-AD89-4221-8B7C-4109AFA93690}.Release|Any CPU.Build.0 = Release|Any CPU
		{77E7E6B3-BF08-4E83-9BFB-86D221DD54AB}.Debug|Any CPU.ActiveCfg = Debug|Any CPU
		{77E7E6B3-BF08-4E83-9BFB-86D221DD54AB}.Debug|Any CPU.Build.0 = Debug|Any CPU
		{77E7E6B3-BF08-4E83-9BFB-86D221DD54AB}.Release|Any CPU.ActiveCfg = Release|Any CPU
		{77E7E6B3-BF08-4E83-9BFB-86D221DD54AB}.Release|Any CPU.Build.0 = Release|Any CPU
		{15E6BFDC-3D8B-46C2-BB11-5E181EE81920}.Debug|Any CPU.ActiveCfg = Debug|Any CPU
		{15E6BFDC-3D8B-46C2-BB11-5E181EE81920}.Debug|Any CPU.Build.0 = Debug|Any CPU
		{15E6BFDC-3D8B-46C2-BB11-5E181EE81920}.Release|Any CPU.ActiveCfg = Release|Any CPU
		{15E6BFDC-3D8B-46C2-BB11-5E181EE81920}.Release|Any CPU.Build.0 = Release|Any CPU
		{35CDE7F2-ECBB-469E-8A4B-9027E626554E}.Debug|Any CPU.ActiveCfg = Debug|Any CPU
		{35CDE7F2-ECBB-469E-8A4B-9027E626554E}.Debug|Any CPU.Build.0 = Debug|Any CPU
		{35CDE7F2-ECBB-469E-8A4B-9027E626554E}.Release|Any CPU.ActiveCfg = Release|Any CPU
		{35CDE7F2-ECBB-469E-8A4B-9027E626554E}.Release|Any CPU.Build.0 = Release|Any CPU
		{B677786A-A99D-48E5-B247-E0CA3D4B8E88}.Debug|Any CPU.ActiveCfg = Debug|Any CPU
		{B677786A-A99D-48E5-B247-E0CA3D4B8E88}.Debug|Any CPU.Build.0 = Debug|Any CPU
		{B677786A-A99D-48E5-B247-E0CA3D4B8E88}.Release|Any CPU.ActiveCfg = Release|Any CPU
		{B677786A-A99D-48E5-B247-E0CA3D4B8E88}.Release|Any CPU.Build.0 = Release|Any CPU
		{F5A1384A-B2A5-49B7-B757-1F3D8F233BC3}.Debug|Any CPU.ActiveCfg = Debug|Any CPU
		{F5A1384A-B2A5-49B7-B757-1F3D8F233BC3}.Debug|Any CPU.Build.0 = Debug|Any CPU
		{F5A1384A-B2A5-49B7-B757-1F3D8F233BC3}.Release|Any CPU.ActiveCfg = Release|Any CPU
		{F5A1384A-B2A5-49B7-B757-1F3D8F233BC3}.Release|Any CPU.Build.0 = Release|Any CPU
		{133D2383-2F68-41E4-97F5-F822D1280382}.Debug|Any CPU.ActiveCfg = Debug|Any CPU
		{133D2383-2F68-41E4-97F5-F822D1280382}.Debug|Any CPU.Build.0 = Debug|Any CPU
		{133D2383-2F68-41E4-97F5-F822D1280382}.Release|Any CPU.ActiveCfg = Release|Any CPU
		{133D2383-2F68-41E4-97F5-F822D1280382}.Release|Any CPU.Build.0 = Release|Any CPU
	EndGlobalSection
	GlobalSection(SolutionProperties) = preSolution
		HideSolutionNode = FALSE
	EndGlobalSection
	GlobalSection(NestedProjects) = preSolution
		{120B455C-7E65-474F-AA2E-3682C749B832} = {5DE1F59B-26E6-4C82-AA54-E27781BF0088}
		{48BD0342-2458-44F5-A3BB-1405A56EFAF4} = {F7A61450-8E62-44BF-9E51-148495AF00A9}
		{32B05328-CC4D-4909-89AA-72DB78FAC651} = {5DE1F59B-26E6-4C82-AA54-E27781BF0088}
		{1E3A05FD-0F03-4B1A-AB41-53AA2018D940} = {5DE1F59B-26E6-4C82-AA54-E27781BF0088}
		{BB62C449-8E39-49BE-BDB2-E170139DDE38} = {5DE1F59B-26E6-4C82-AA54-E27781BF0088}
		{86FCB3CA-E03C-42D1-9B95-714C45604A2F} = {5DE1F59B-26E6-4C82-AA54-E27781BF0088}
		{F47E6A54-5EFB-47E1-A68D-18C73C79BC06} = {5DE1F59B-26E6-4C82-AA54-E27781BF0088}
		{77E7E6B3-BF08-4E83-9BFB-86D221DD54AB} = {5DE1F59B-26E6-4C82-AA54-E27781BF0088}
		{15E6BFDC-3D8B-46C2-BB11-5E181EE81920} = {5DE1F59B-26E6-4C82-AA54-E27781BF0088}
		{35CDE7F2-ECBB-469E-8A4B-9027E626554E} = {5DE1F59B-26E6-4C82-AA54-E27781BF0088}
		{B677786A-A99D-48E5-B247-E0CA3D4B8E88} = {5DE1F59B-26E6-4C82-AA54-E27781BF0088}
		{F5A1384A-B2A5-49B7-B757-1F3D8F233BC3} = {5DE1F59B-26E6-4C82-AA54-E27781BF0088}
	EndGlobalSection
	GlobalSection(ExtensibilityGlobals) = postSolution
		SolutionGuid = {E8DBEDED-F850-44B2-A655-AB4B5D4CA024}
	EndGlobalSection
EndGlobal
